// !$*UTF8*$!
{
	archiveVersion = 1;
	classes = {
	};
	objectVersion = 56;
	objects = {

/* Begin PBXBuildFile section */
		DCAC32BB2A5B849A00430148 /* CarPartsApp.swift in Sources */ = {isa = PBXBuildFile; fileRef = DCAC32BA2A5B849A00430148 /* CarPartsApp.swift */; };
		DCAC32BD2A5B849A00430148 /* ContentView.swift in Sources */ = {isa = PBXBuildFile; fileRef = DCAC32BC2A5B849A00430148 /* ContentView.swift */; };
		DCAC32BF2A5B849E00430148 /* Assets.xcassets in Resources */ = {isa = PBXBuildFile; fileRef = DCAC32BE2A5B849E00430148 /* Assets.xcassets */; };
		DCAC32C32A5B849E00430148 /* Preview Assets.xcassets in Resources */ = {isa = PBXBuildFile; fileRef = DCAC32C22A5B849E00430148 /* Preview Assets.xcassets */; };
		DCAC32CD2A5B849E00430148 /* CarPartsTests.swift in Sources */ = {isa = PBXBuildFile; fileRef = DCAC32CC2A5B849E00430148 /* CarPartsTests.swift */; };
		DCAC32D72A5B849F00430148 /* CarPartsUITests.swift in Sources */ = {isa = PBXBuildFile; fileRef = DCAC32D62A5B849F00430148 /* CarPartsUITests.swift */; };
		DCAC32D92A5B849F00430148 /* CarPartsUITestsLaunchTests.swift in Sources */ = {isa = PBXBuildFile; fileRef = DCAC32D82A5B849F00430148 /* CarPartsUITestsLaunchTests.swift */; };
/* End PBXBuildFile section */

/* Begin PBXContainerItemProxy section */
		DCAC32C92A5B849E00430148 /* PBXContainerItemProxy */ = {
			isa = PBXContainerItemProxy;
			containerPortal = DCAC32AF2A5B849900430148 /* Project object */;
			proxyType = 1;
			remoteGlobalIDString = DCAC32B62A5B849900430148;
			remoteInfo = CarParts;
		};
		DCAC32D32A5B849F00430148 /* PBXContainerItemProxy */ = {
			isa = PBXContainerItemProxy;
			containerPortal = DCAC32AF2A5B849900430148 /* Project object */;
			proxyType = 1;
			remoteGlobalIDString = DCAC32B62A5B849900430148;
			remoteInfo = CarParts;
		};
/* End PBXContainerItemProxy section */

/* Begin PBXFileReference section */
		DCAC32B72A5B849A00430148 /* CarParts.app */ = {isa = PBXFileReference; explicitFileType = wrapper.application; includeInIndex = 0; path = CarParts.app; sourceTree = BUILT_PRODUCTS_DIR; };
		DCAC32BA2A5B849A00430148 /* CarPartsApp.swift */ = {isa = PBXFileReference; lastKnownFileType = sourcecode.swift; path = CarPartsApp.swift; sourceTree = "<group>"; };
		DCAC32BC2A5B849A00430148 /* ContentView.swift */ = {isa = PBXFileReference; lastKnownFileType = sourcecode.swift; path = ContentView.swift; sourceTree = "<group>"; };
		DCAC32BE2A5B849E00430148 /* Assets.xcassets */ = {isa = PBXFileReference; lastKnownFileType = folder.assetcatalog; path = Assets.xcassets; sourceTree = "<group>"; };
		DCAC32C02A5B849E00430148 /* CarParts.entitlements */ = {isa = PBXFileReference; lastKnownFileType = text.plist.entitlements; path = CarParts.entitlements; sourceTree = "<group>"; };
		DCAC32C22A5B849E00430148 /* Preview Assets.xcassets */ = {isa = PBXFileReference; lastKnownFileType = folder.assetcatalog; path = "Preview Assets.xcassets"; sourceTree = "<group>"; };
		DCAC32C82A5B849E00430148 /* CarPartsTests.xctest */ = {isa = PBXFileReference; explicitFileType = wrapper.cfbundle; includeInIndex = 0; path = CarPartsTests.xctest; sourceTree = BUILT_PRODUCTS_DIR; };
		DCAC32CC2A5B849E00430148 /* CarPartsTests.swift */ = {isa = PBXFileReference; lastKnownFileType = sourcecode.swift; path = CarPartsTests.swift; sourceTree = "<group>"; };
		DCAC32D22A5B849F00430148 /* CarPartsUITests.xctest */ = {isa = PBXFileReference; explicitFileType = wrapper.cfbundle; includeInIndex = 0; path = CarPartsUITests.xctest; sourceTree = BUILT_PRODUCTS_DIR; };
		DCAC32D62A5B849F00430148 /* CarPartsUITests.swift */ = {isa = PBXFileReference; lastKnownFileType = sourcecode.swift; path = CarPartsUITests.swift; sourceTree = "<group>"; };
		DCAC32D82A5B849F00430148 /* CarPartsUITestsLaunchTests.swift */ = {isa = PBXFileReference; lastKnownFileType = sourcecode.swift; path = CarPartsUITestsLaunchTests.swift; sourceTree = "<group>"; };
/* End PBXFileReference section */

/* Begin PBXFrameworksBuildPhase section */
		DCAC32B42A5B849900430148 /* Frameworks */ = {
			isa = PBXFrameworksBuildPhase;
			buildActionMask = 2147483647;
			files = (
			);
			runOnlyForDeploymentPostprocessing = 0;
		};
		DCAC32C52A5B849E00430148 /* Frameworks */ = {
			isa = PBXFrameworksBuildPhase;
			buildActionMask = 2147483647;
			files = (
			);
			runOnlyForDeploymentPostprocessing = 0;
		};
		DCAC32CF2A5B849F00430148 /* Frameworks */ = {
			isa = PBXFrameworksBuildPhase;
			buildActionMask = 2147483647;
			files = (
			);
			runOnlyForDeploymentPostprocessing = 0;
		};
/* End PBXFrameworksBuildPhase section */

/* Begin PBXGroup section */
		DCAC32AE2A5B849900430148 = {
			isa = PBXGroup;
			children = (
				DCAC32B92A5B849A00430148 /* CarParts */,
				DCAC32CB2A5B849E00430148 /* CarPartsTests */,
				DCAC32D52A5B849F00430148 /* CarPartsUITests */,
				DCAC32B82A5B849A00430148 /* Products */,
			);
			sourceTree = "<group>";
		};
		DCAC32B82A5B849A00430148 /* Products */ = {
			isa = PBXGroup;
			children = (
				DCAC32B72A5B849A00430148 /* CarParts.app */,
				DCAC32C82A5B849E00430148 /* CarPartsTests.xctest */,
				DCAC32D22A5B849F00430148 /* CarPartsUITests.xctest */,
			);
			name = Products;
			sourceTree = "<group>";
		};
		DCAC32B92A5B849A00430148 /* CarParts */ = {
			isa = PBXGroup;
			children = (
				DCAC32BA2A5B849A00430148 /* CarPartsApp.swift */,
				DCAC32BC2A5B849A00430148 /* ContentView.swift */,
				DCAC32BE2A5B849E00430148 /* Assets.xcassets */,
				DCAC32C02A5B849E00430148 /* CarParts.entitlements */,
				DCAC32C12A5B849E00430148 /* Preview Content */,
			);
			path = CarParts;
			sourceTree = "<group>";
		};
		DCAC32C12A5B849E00430148 /* Preview Content */ = {
			isa = PBXGroup;
			children = (
				DCAC32C22A5B849E00430148 /* Preview Assets.xcassets */,
			);
			path = "Preview Content";
			sourceTree = "<group>";
		};
		DCAC32CB2A5B849E00430148 /* CarPartsTests */ = {
			isa = PBXGroup;
			children = (
				DCAC32CC2A5B849E00430148 /* CarPartsTests.swift */,
			);
			path = CarPartsTests;
			sourceTree = "<group>";
		};
		DCAC32D52A5B849F00430148 /* CarPartsUITests */ = {
			isa = PBXGroup;
			children = (
				DCAC32D62A5B849F00430148 /* CarPartsUITests.swift */,
				DCAC32D82A5B849F00430148 /* CarPartsUITestsLaunchTests.swift */,
			);
			path = CarPartsUITests;
			sourceTree = "<group>";
		};
/* End PBXGroup section */

/* Begin PBXNativeTarget section */
		DCAC32B62A5B849900430148 /* CarParts */ = {
			isa = PBXNativeTarget;
			buildConfigurationList = DCAC32DC2A5B849F00430148 /* Build configuration list for PBXNativeTarget "CarParts" */;
			buildPhases = (
				DCAC32B32A5B849900430148 /* Sources */,
				DCAC32B42A5B849900430148 /* Frameworks */,
				DCAC32B52A5B849900430148 /* Resources */,
			);
			buildRules = (
			);
			dependencies = (
			);
			name = CarParts;
			productName = CarParts;
			productReference = DCAC32B72A5B849A00430148 /* CarParts.app */;
			productType = "com.apple.product-type.application";
		};
		DCAC32C72A5B849E00430148 /* CarPartsTests */ = {
			isa = PBXNativeTarget;
			buildConfigurationList = DCAC32DF2A5B849F00430148 /* Build configuration list for PBXNativeTarget "CarPartsTests" */;
			buildPhases = (
				DCAC32C42A5B849E00430148 /* Sources */,
				DCAC32C52A5B849E00430148 /* Frameworks */,
				DCAC32C62A5B849E00430148 /* Resources */,
			);
			buildRules = (
			);
			dependencies = (
				DCAC32CA2A5B849E00430148 /* PBXTargetDependency */,
			);
			name = CarPartsTests;
			productName = CarPartsTests;
			productReference = DCAC32C82A5B849E00430148 /* CarPartsTests.xctest */;
			productType = "com.apple.product-type.bundle.unit-test";
		};
		DCAC32D12A5B849F00430148 /* CarPartsUITests */ = {
			isa = PBXNativeTarget;
			buildConfigurationList = DCAC32E22A5B849F00430148 /* Build configuration list for PBXNativeTarget "CarPartsUITests" */;
			buildPhases = (
				DCAC32CE2A5B849F00430148 /* Sources */,
				DCAC32CF2A5B849F00430148 /* Frameworks */,
				DCAC32D02A5B849F00430148 /* Resources */,
			);
			buildRules = (
			);
			dependencies = (
				DCAC32D42A5B849F00430148 /* PBXTargetDependency */,
			);
			name = CarPartsUITests;
			productName = CarPartsUITests;
			productReference = DCAC32D22A5B849F00430148 /* CarPartsUITests.xctest */;
			productType = "com.apple.product-type.bundle.ui-testing";
		};
/* End PBXNativeTarget section */

/* Begin PBXProject section */
		DCAC32AF2A5B849900430148 /* Project object */ = {
			isa = PBXProject;
			attributes = {
				BuildIndependentTargetsInParallel = 1;
				LastSwiftUpdateCheck = 1430;
				LastUpgradeCheck = 1430;
				TargetAttributes = {
					DCAC32B62A5B849900430148 = {
						CreatedOnToolsVersion = 14.3.1;
					};
					DCAC32C72A5B849E00430148 = {
						CreatedOnToolsVersion = 14.3.1;
						TestTargetID = DCAC32B62A5B849900430148;
					};
					DCAC32D12A5B849F00430148 = {
						CreatedOnToolsVersion = 14.3.1;
						TestTargetID = DCAC32B62A5B849900430148;
					};
				};
			};
			buildConfigurationList = DCAC32B22A5B849900430148 /* Build configuration list for PBXProject "CarParts" */;
			compatibilityVersion = "Xcode 14.0";
			developmentRegion = en;
			hasScannedForEncodings = 0;
			knownRegions = (
				en,
				Base,
			);
			mainGroup = DCAC32AE2A5B849900430148;
			productRefGroup = DCAC32B82A5B849A00430148 /* Products */;
			projectDirPath = "";
			projectRoot = "";
			targets = (
				DCAC32B62A5B849900430148 /* CarParts */,
				DCAC32C72A5B849E00430148 /* CarPartsTests */,
				DCAC32D12A5B849F00430148 /* CarPartsUITests */,
			);
		};
/* End PBXProject section */

/* Begin PBXResourcesBuildPhase section */
		DCAC32B52A5B849900430148 /* Resources */ = {
			isa = PBXResourcesBuildPhase;
			buildActionMask = 2147483647;
			files = (
				DCAC32C32A5B849E00430148 /* Preview Assets.xcassets in Resources */,
				DCAC32BF2A5B849E00430148 /* Assets.xcassets in Resources */,
			);
			runOnlyForDeploymentPostprocessing = 0;
		};
		DCAC32C62A5B849E00430148 /* Resources */ = {
			isa = PBXResourcesBuildPhase;
			buildActionMask = 2147483647;
			files = (
			);
			runOnlyForDeploymentPostprocessing = 0;
		};
		DCAC32D02A5B849F00430148 /* Resources */ = {
			isa = PBXResourcesBuildPhase;
			buildActionMask = 2147483647;
			files = (
			);
			runOnlyForDeploymentPostprocessing = 0;
		};
/* End PBXResourcesBuildPhase section */

/* Begin PBXSourcesBuildPhase section */
		DCAC32B32A5B849900430148 /* Sources */ = {
			isa = PBXSourcesBuildPhase;
			buildActionMask = 2147483647;
			files = (
				DCAC32BD2A5B849A00430148 /* ContentView.swift in Sources */,
				DCAC32BB2A5B849A00430148 /* CarPartsApp.swift in Sources */,
			);
			runOnlyForDeploymentPostprocessing = 0;
		};
		DCAC32C42A5B849E00430148 /* Sources */ = {
			isa = PBXSourcesBuildPhase;
			buildActionMask = 2147483647;
			files = (
				DCAC32CD2A5B849E00430148 /* CarPartsTests.swift in Sources */,
			);
			runOnlyForDeploymentPostprocessing = 0;
		};
		DCAC32CE2A5B849F00430148 /* Sources */ = {
			isa = PBXSourcesBuildPhase;
			buildActionMask = 2147483647;
			files = (
				DCAC32D92A5B849F00430148 /* CarPartsUITestsLaunchTests.swift in Sources */,
				DCAC32D72A5B849F00430148 /* CarPartsUITests.swift in Sources */,
			);
			runOnlyForDeploymentPostprocessing = 0;
		};
/* End PBXSourcesBuildPhase section */

/* Begin PBXTargetDependency section */
		DCAC32CA2A5B849E00430148 /* PBXTargetDependency */ = {
			isa = PBXTargetDependency;
			target = DCAC32B62A5B849900430148 /* CarParts */;
			targetProxy = DCAC32C92A5B849E00430148 /* PBXContainerItemProxy */;
		};
		DCAC32D42A5B849F00430148 /* PBXTargetDependency */ = {
			isa = PBXTargetDependency;
			target = DCAC32B62A5B849900430148 /* CarParts */;
			targetProxy = DCAC32D32A5B849F00430148 /* PBXContainerItemProxy */;
		};
/* End PBXTargetDependency section */

/* Begin XCBuildConfiguration section */
		DCAC32DA2A5B849F00430148 /* Debug */ = {
			isa = XCBuildConfiguration;
			buildSettings = {
				ALWAYS_SEARCH_USER_PATHS = NO;
				CLANG_ANALYZER_NONNULL = YES;
				CLANG_ANALYZER_NUMBER_OBJECT_CONVERSION = YES_AGGRESSIVE;
				CLANG_CXX_LANGUAGE_STANDARD = "gnu++20";
				CLANG_ENABLE_MODULES = YES;
				CLANG_ENABLE_OBJC_ARC = YES;
				CLANG_ENABLE_OBJC_WEAK = YES;
				CLANG_WARN_BLOCK_CAPTURE_AUTORELEASING = YES;
				CLANG_WARN_BOOL_CONVERSION = YES;
				CLANG_WARN_COMMA = YES;
				CLANG_WARN_CONSTANT_CONVERSION = YES;
				CLANG_WARN_DEPRECATED_OBJC_IMPLEMENTATIONS = YES;
				CLANG_WARN_DIRECT_OBJC_ISA_USAGE = YES_ERROR;
				CLANG_WARN_DOCUMENTATION_COMMENTS = YES;
				CLANG_WARN_EMPTY_BODY = YES;
				CLANG_WARN_ENUM_CONVERSION = YES;
				CLANG_WARN_INFINITE_RECURSION = YES;
				CLANG_WARN_INT_CONVERSION = YES;
				CLANG_WARN_NON_LITERAL_NULL_CONVERSION = YES;
				CLANG_WARN_OBJC_IMPLICIT_RETAIN_SELF = YES;
				CLANG_WARN_OBJC_LITERAL_CONVERSION = YES;
				CLANG_WARN_OBJC_ROOT_CLASS = YES_ERROR;
				CLANG_WARN_QUOTED_INCLUDE_IN_FRAMEWORK_HEADER = YES;
				CLANG_WARN_RANGE_LOOP_ANALYSIS = YES;
				CLANG_WARN_STRICT_PROTOTYPES = YES;
				CLANG_WARN_SUSPICIOUS_MOVE = YES;
				CLANG_WARN_UNGUARDED_AVAILABILITY = YES_AGGRESSIVE;
				CLANG_WARN_UNREACHABLE_CODE = YES;
				CLANG_WARN__DUPLICATE_METHOD_MATCH = YES;
				COPY_PHASE_STRIP = NO;
				DEBUG_INFORMATION_FORMAT = dwarf;
				ENABLE_STRICT_OBJC_MSGSEND = YES;
				ENABLE_TESTABILITY = YES;
				GCC_C_LANGUAGE_STANDARD = gnu11;
				GCC_DYNAMIC_NO_PIC = NO;
				GCC_NO_COMMON_BLOCKS = YES;
				GCC_OPTIMIZATION_LEVEL = 0;
				GCC_PREPROCESSOR_DEFINITIONS = (
					"DEBUG=1",
					"$(inherited)",
				);
				GCC_WARN_64_TO_32_BIT_CONVERSION = YES;
				GCC_WARN_ABOUT_RETURN_TYPE = YES_ERROR;
				GCC_WARN_UNDECLARED_SELECTOR = YES;
				GCC_WARN_UNINITIALIZED_AUTOS = YES_AGGRESSIVE;
				GCC_WARN_UNUSED_FUNCTION = YES;
				GCC_WARN_UNUSED_VARIABLE = YES;
				MTL_ENABLE_DEBUG_INFO = INCLUDE_SOURCE;
				MTL_FAST_MATH = YES;
				ONLY_ACTIVE_ARCH = YES;
				SWIFT_ACTIVE_COMPILATION_CONDITIONS = DEBUG;
				SWIFT_OPTIMIZATION_LEVEL = "-Onone";
			};
			name = Debug;
		};
		DCAC32DB2A5B849F00430148 /* Release */ = {
			isa = XCBuildConfiguration;
			buildSettings = {
				ALWAYS_SEARCH_USER_PATHS = NO;
				CLANG_ANALYZER_NONNULL = YES;
				CLANG_ANALYZER_NUMBER_OBJECT_CONVERSION = YES_AGGRESSIVE;
				CLANG_CXX_LANGUAGE_STANDARD = "gnu++20";
				CLANG_ENABLE_MODULES = YES;
				CLANG_ENABLE_OBJC_ARC = YES;
				CLANG_ENABLE_OBJC_WEAK = YES;
				CLANG_WARN_BLOCK_CAPTURE_AUTORELEASING = YES;
				CLANG_WARN_BOOL_CONVERSION = YES;
				CLANG_WARN_COMMA = YES;
				CLANG_WARN_CONSTANT_CONVERSION = YES;
				CLANG_WARN_DEPRECATED_OBJC_IMPLEMENTATIONS = YES;
				CLANG_WARN_DIRECT_OBJC_ISA_USAGE = YES_ERROR;
				CLANG_WARN_DOCUMENTATION_COMMENTS = YES;
				CLANG_WARN_EMPTY_BODY = YES;
				CLANG_WARN_ENUM_CONVERSION = YES;
				CLANG_WARN_INFINITE_RECURSION = YES;
				CLANG_WARN_INT_CONVERSION = YES;
				CLANG_WARN_NON_LITERAL_NULL_CONVERSION = YES;
				CLANG_WARN_OBJC_IMPLICIT_RETAIN_SELF = YES;
				CLANG_WARN_OBJC_LITERAL_CONVERSION = YES;
				CLANG_WARN_OBJC_ROOT_CLASS = YES_ERROR;
				CLANG_WARN_QUOTED_INCLUDE_IN_FRAMEWORK_HEADER = YES;
				CLANG_WARN_RANGE_LOOP_ANALYSIS = YES;
				CLANG_WARN_STRICT_PROTOTYPES = YES;
				CLANG_WARN_SUSPICIOUS_MOVE = YES;
				CLANG_WARN_UNGUARDED_AVAILABILITY = YES_AGGRESSIVE;
				CLANG_WARN_UNREACHABLE_CODE = YES;
				CLANG_WARN__DUPLICATE_METHOD_MATCH = YES;
				COPY_PHASE_STRIP = NO;
				DEBUG_INFORMATION_FORMAT = "dwarf-with-dsym";
				ENABLE_NS_ASSERTIONS = NO;
				ENABLE_STRICT_OBJC_MSGSEND = YES;
				GCC_C_LANGUAGE_STANDARD = gnu11;
				GCC_NO_COMMON_BLOCKS = YES;
				GCC_WARN_64_TO_32_BIT_CONVERSION = YES;
				GCC_WARN_ABOUT_RETURN_TYPE = YES_ERROR;
				GCC_WARN_UNDECLARED_SELECTOR = YES;
				GCC_WARN_UNINITIALIZED_AUTOS = YES_AGGRESSIVE;
				GCC_WARN_UNUSED_FUNCTION = YES;
				GCC_WARN_UNUSED_VARIABLE = YES;
				MTL_ENABLE_DEBUG_INFO = NO;
				MTL_FAST_MATH = YES;
				SWIFT_COMPILATION_MODE = wholemodule;
				SWIFT_OPTIMIZATION_LEVEL = "-O";
			};
			name = Release;
		};
		DCAC32DD2A5B849F00430148 /* Debug */ = {
			isa = XCBuildConfiguration;
			buildSettings = {
				ASSETCATALOG_COMPILER_APPICON_NAME = AppIcon;
				ASSETCATALOG_COMPILER_GLOBAL_ACCENT_COLOR_NAME = AccentColor;
				CODE_SIGN_ENTITLEMENTS = CarParts/CarParts.entitlements;
				CODE_SIGN_STYLE = Automatic;
				CURRENT_PROJECT_VERSION = 1;
				DEVELOPMENT_ASSET_PATHS = "\"CarParts/Preview Content\"";
				ENABLE_PREVIEWS = YES;
				GENERATE_INFOPLIST_FILE = YES;
				"INFOPLIST_KEY_UIApplicationSceneManifest_Generation[sdk=iphoneos*]" = YES;
				"INFOPLIST_KEY_UIApplicationSceneManifest_Generation[sdk=iphonesimulator*]" = YES;
				"INFOPLIST_KEY_UIApplicationSupportsIndirectInputEvents[sdk=iphoneos*]" = YES;
				"INFOPLIST_KEY_UIApplicationSupportsIndirectInputEvents[sdk=iphonesimulator*]" = YES;
				"INFOPLIST_KEY_UILaunchScreen_Generation[sdk=iphoneos*]" = YES;
				"INFOPLIST_KEY_UILaunchScreen_Generation[sdk=iphonesimulator*]" = YES;
				"INFOPLIST_KEY_UIStatusBarStyle[sdk=iphoneos*]" = UIStatusBarStyleDefault;
				"INFOPLIST_KEY_UIStatusBarStyle[sdk=iphonesimulator*]" = UIStatusBarStyleDefault;
				INFOPLIST_KEY_UISupportedInterfaceOrientations_iPad = "UIInterfaceOrientationPortrait UIInterfaceOrientationPortraitUpsideDown UIInterfaceOrientationLandscapeLeft UIInterfaceOrientationLandscapeRight";
				INFOPLIST_KEY_UISupportedInterfaceOrientations_iPhone = "UIInterfaceOrientationPortrait UIInterfaceOrientationLandscapeLeft UIInterfaceOrientationLandscapeRight";
				IPHONEOS_DEPLOYMENT_TARGET = 16.4;
				LD_RUNPATH_SEARCH_PATHS = "@executable_path/Frameworks";
				"LD_RUNPATH_SEARCH_PATHS[sdk=macosx*]" = "@executable_path/../Frameworks";
				MACOSX_DEPLOYMENT_TARGET = 13.3;
				MARKETING_VERSION = 1.0;
				PRODUCT_BUNDLE_IDENTIFIER = iOS.CarParts;
				PRODUCT_NAME = "$(TARGET_NAME)";
				SDKROOT = auto;
				SUPPORTED_PLATFORMS = "iphoneos iphonesimulator macosx";
				SWIFT_EMIT_LOC_STRINGS = YES;
				SWIFT_VERSION = 5.0;
				TARGETED_DEVICE_FAMILY = "1,2";
			};
			name = Debug;
		};
		DCAC32DE2A5B849F00430148 /* Release */ = {
			isa = XCBuildConfiguration;
			buildSettings = {
				ASSETCATALOG_COMPILER_APPICON_NAME = AppIcon;
				ASSETCATALOG_COMPILER_GLOBAL_ACCENT_COLOR_NAME = AccentColor;
				CODE_SIGN_ENTITLEMENTS = CarParts/CarParts.entitlements;
				CODE_SIGN_STYLE = Automatic;
				CURRENT_PROJECT_VERSION = 1;
				DEVELOPMENT_ASSET_PATHS = "\"CarParts/Preview Content\"";
				ENABLE_PREVIEWS = YES;
				GENERATE_INFOPLIST_FILE = YES;
				"INFOPLIST_KEY_UIApplicationSceneManifest_Generation[sdk=iphoneos*]" = YES;
				"INFOPLIST_KEY_UIApplicationSceneManifest_Generation[sdk=iphonesimulator*]" = YES;
				"INFOPLIST_KEY_UIApplicationSupportsIndirectInputEvents[sdk=iphoneos*]" = YES;
				"INFOPLIST_KEY_UIApplicationSupportsIndirectInputEvents[sdk=iphonesimulator*]" = YES;
				"INFOPLIST_KEY_UILaunchScreen_Generation[sdk=iphoneos*]" = YES;
				"INFOPLIST_KEY_UILaunchScreen_Generation[sdk=iphonesimulator*]" = YES;
				"INFOPLIST_KEY_UIStatusBarStyle[sdk=iphoneos*]" = UIStatusBarStyleDefault;
				"INFOPLIST_KEY_UIStatusBarStyle[sdk=iphonesimulator*]" = UIStatusBarStyleDefault;
				INFOPLIST_KEY_UISupportedInterfaceOrientations_iPad = "UIInterfaceOrientationPortrait UIInterfaceOrientationPortraitUpsideDown UIInterfaceOrientationLandscapeLeft UIInterfaceOrientationLandscapeRight";
				INFOPLIST_KEY_UISupportedInterfaceOrientations_iPhone = "UIInterfaceOrientationPortrait UIInterfaceOrientationLandscapeLeft UIInterfaceOrientationLandscapeRight";
				IPHONEOS_DEPLOYMENT_TARGET = 16.4;
				LD_RUNPATH_SEARCH_PATHS = "@executable_path/Frameworks";
				"LD_RUNPATH_SEARCH_PATHS[sdk=macosx*]" = "@executable_path/../Frameworks";
				MACOSX_DEPLOYMENT_TARGET = 13.3;
				MARKETING_VERSION = 1.0;
				PRODUCT_BUNDLE_IDENTIFIER = iOS.CarParts;
				PRODUCT_NAME = "$(TARGET_NAME)";
				SDKROOT = auto;
				SUPPORTED_PLATFORMS = "iphoneos iphonesimulator macosx";
				SWIFT_EMIT_LOC_STRINGS = YES;
				SWIFT_VERSION = 5.0;
				TARGETED_DEVICE_FAMILY = "1,2";
			};
			name = Release;
		};
		DCAC32E02A5B849F00430148 /* Debug */ = {
			isa = XCBuildConfiguration;
			buildSettings = {
				ALWAYS_EMBED_SWIFT_STANDARD_LIBRARIES = YES;
				BUNDLE_LOADER = "$(TEST_HOST)";
				CODE_SIGN_STYLE = Automatic;
				CURRENT_PROJECT_VERSION = 1;
				GENERATE_INFOPLIST_FILE = YES;
				IPHONEOS_DEPLOYMENT_TARGET = 16.4;
				MACOSX_DEPLOYMENT_TARGET = 13.3;
				MARKETING_VERSION = 1.0;
				PRODUCT_BUNDLE_IDENTIFIER = iOS.CarPartsTests;
				PRODUCT_NAME = "$(TARGET_NAME)";
				SDKROOT = auto;
				SUPPORTED_PLATFORMS = "iphoneos iphonesimulator macosx";
				SWIFT_EMIT_LOC_STRINGS = NO;
				SWIFT_VERSION = 5.0;
				TARGETED_DEVICE_FAMILY = "1,2";
				TEST_HOST = "$(BUILT_PRODUCTS_DIR)/CarParts.app/$(BUNDLE_EXECUTABLE_FOLDER_PATH)/CarParts";
			};
			name = Debug;
		};
		DCAC32E12A5B849F00430148 /* Release */ = {
			isa = XCBuildConfiguration;
			buildSettings = {
				ALWAYS_EMBED_SWIFT_STANDARD_LIBRARIES = YES;
				BUNDLE_LOADER = "$(TEST_HOST)";
				CODE_SIGN_STYLE = Automatic;
				CURRENT_PROJECT_VERSION = 1;
				GENERATE_INFOPLIST_FILE = YES;
				IPHONEOS_DEPLOYMENT_TARGET = 16.4;
				MACOSX_DEPLOYMENT_TARGET = 13.3;
				MARKETING_VERSION = 1.0;
				PRODUCT_BUNDLE_IDENTIFIER = iOS.CarPartsTests;
				PRODUCT_NAME = "$(TARGET_NAME)";
				SDKROOT = auto;
				SUPPORTED_PLATFORMS = "iphoneos iphonesimulator macosx";
				SWIFT_EMIT_LOC_STRINGS = NO;
				SWIFT_VERSION = 5.0;
				TARGETED_DEVICE_FAMILY = "1,2";
				TEST_HOST = "$(BUILT_PRODUCTS_DIR)/CarParts.app/$(BUNDLE_EXECUTABLE_FOLDER_PATH)/CarParts";
			};
			name = Release;
		};
		DCAC32E32A5B849F00430148 /* Debug */ = {
			isa = XCBuildConfiguration;
			buildSettings = {
				ALWAYS_EMBED_SWIFT_STANDARD_LIBRARIES = YES;
				CODE_SIGN_STYLE = Automatic;
				CURRENT_PROJECT_VERSION = 1;
				GENERATE_INFOPLIST_FILE = YES;
				IPHONEOS_DEPLOYMENT_TARGET = 16.4;
				MACOSX_DEPLOYMENT_TARGET = 13.3;
				MARKETING_VERSION = 1.0;
				PRODUCT_BUNDLE_IDENTIFIER = iOS.CarPartsUITests;
				PRODUCT_NAME = "$(TARGET_NAME)";
				SDKROOT = auto;
				SUPPORTED_PLATFORMS = "iphoneos iphonesimulator macosx";
				SWIFT_EMIT_LOC_STRINGS = NO;
				SWIFT_VERSION = 5.0;
				TARGETED_DEVICE_FAMILY = "1,2";
				TEST_TARGET_NAME = CarParts;
			};
			name = Debug;
		};
		DCAC32E42A5B849F00430148 /* Release */ = {
			isa = XCBuildConfiguration;
			buildSettings = {
				ALWAYS_EMBED_SWIFT_STANDARD_LIBRARIES = YES;
				CODE_SIGN_STYLE = Automatic;
				CURRENT_PROJECT_VERSION = 1;
				GENERATE_INFOPLIST_FILE = YES;
				IPHONEOS_DEPLOYMENT_TARGET = 16.4;
				MACOSX_DEPLOYMENT_TARGET = 13.3;
				MARKETING_VERSION = 1.0;
				PRODUCT_BUNDLE_IDENTIFIER = iOS.CarPartsUITests;
				PRODUCT_NAME = "$(TARGET_NAME)";
				SDKROOT = auto;
				SUPPORTED_PLATFORMS = "iphoneos iphonesimulator macosx";
				SWIFT_EMIT_LOC_STRINGS = NO;
				SWIFT_VERSION = 5.0;
				TARGETED_DEVICE_FAMILY = "1,2";
				TEST_TARGET_NAME = CarParts;
			};
			name = Release;
		};
/* End XCBuildConfiguration section */

/* Begin XCConfigurationList section */
		DCAC32B22A5B849900430148 /* Build configuration list for PBXProject "CarParts" */ = {
			isa = XCConfigurationList;
			buildConfigurations = (
				DCAC32DA2A5B849F00430148 /* Debug */,
				DCAC32DB2A5B849F00430148 /* Release */,
			);
			defaultConfigurationIsVisible = 0;
			defaultConfigurationName = Release;
		};
		DCAC32DC2A5B849F00430148 /* Build configuration list for PBXNativeTarget "CarParts" */ = {
			isa = XCConfigurationList;
			buildConfigurations = (
				DCAC32DD2A5B849F00430148 /* Debug */,
				DCAC32DE2A5B849F00430148 /* Release */,
			);
			defaultConfigurationIsVisible = 0;
			defaultConfigurationName = Release;
		};
		DCAC32DF2A5B849F00430148 /* Build configuration list for PBXNativeTarget "CarPartsTests" */ = {
			isa = XCConfigurationList;
			buildConfigurations = (
				DCAC32E02A5B849F00430148 /* Debug */,
				DCAC32E12A5B849F00430148 /* Release */,
			);
			defaultConfigurationIsVisible = 0;
			defaultConfigurationName = Release;
		};
		DCAC32E22A5B849F00430148 /* Build configuration list for PBXNativeTarget "CarPartsUITests" */ = {
			isa = XCConfigurationList;
			buildConfigurations = (
				DCAC32E32A5B849F00430148 /* Debug */,
				DCAC32E42A5B849F00430148 /* Release */,
			);
			defaultConfigurationIsVisible = 0;
			defaultConfigurationName = Release;
		};
/* End XCConfigurationList section */
	};
	rootObject = DCAC32AF2A5B849900430148 /* Project object */;
}
